
Microsoft Visual Studio Solution File, Format Version 12.00
# Visual Studio Version 17
VisualStudioVersion = 17.10.34916.146
MinimumVisualStudioVersion = 10.0.40219.1
Project("{9A19103F-16F7-4668-BE54-9A1E7A4F7556}") = "App.API", "App.API\App.API.csproj", "{ED4508C0-8764-4393-96DA-83A28833CF74}"
EndProject
Project("{9A19103F-16F7-4668-BE54-9A1E7A4F7556}") = "App.BL", "App.BL\App.BL.csproj", "{37092BB2-049C-43B8-864D-FDE0ABCE937F}"
EndProject
Project("{9A19103F-16F7-4668-BE54-9A1E7A4F7556}") = "App.DA", "App.DA\App.DA.csproj", "{D7E16A4B-728F-45B9-BA66-170F82A65852}"
EndProject
Project("{9A19103F-16F7-4668-BE54-9A1E7A4F7556}") = "App.DTO", "App.DTO\App.DTO.csproj", "{6A62F736-71AB-4483-ADC9-1DDA20748BCE}"
EndProject
Global
	GlobalSection(SolutionConfigurationPlatforms) = preSolution
		Debug|Any CPU = Debug|Any CPU
		Release|Any CPU = Release|Any CPU
	EndGlobalSection
	GlobalSection(ProjectConfigurationPlatforms) = postSolution
		{ED4508C0-8764-4393-96DA-83A28833CF74}.Debug|Any CPU.ActiveCfg = Debug|Any CPU
		{ED4508C0-8764-4393-96DA-83A28833CF74}.Debug|Any CPU.Build.0 = Debug|Any CPU
		{ED4508C0-8764-4393-96DA-83A28833CF74}.Release|Any CPU.ActiveCfg = Release|Any CPU
		{ED4508C0-8764-4393-96DA-83A28833CF74}.Release|Any CPU.Build.0 = Release|Any CPU
		{37092BB2-049C-43B8-864D-FDE0ABCE937F}.Debug|Any CPU.ActiveCfg = Debug|Any CPU
		{37092BB2-049C-43B8-864D-FDE0ABCE937F}.Debug|Any CPU.Build.0 = Debug|Any CPU
		{37092BB2-049C-43B8-864D-FDE0ABCE937F}.Release|Any CPU.ActiveCfg = Release|Any CPU
		{37092BB2-049C-43B8-864D-FDE0ABCE937F}.Release|Any CPU.Build.0 = Release|Any CPU
		{D7E16A4B-728F-45B9-BA66-170F82A65852}.Debug|Any CPU.ActiveCfg = Debug|Any CPU
		{D7E16A4B-728F-45B9-BA66-170F82A65852}.Debug|Any CPU.Build.0 = Debug|Any CPU
		{D7E16A4B-728F-45B9-BA66-170F82A65852}.Release|Any CPU.ActiveCfg = Release|Any CPU
		{D7E16A4B-728F-45B9-BA66-170F82A65852}.Release|Any CPU.Build.0 = Release|Any CPU
		{6A62F736-71AB-4483-ADC9-1DDA20748BCE}.Debug|Any CPU.ActiveCfg = Debug|Any CPU
		{6A62F736-71AB-4483-ADC9-1DDA20748BCE}.Debug|Any CPU.Build.0 = Debug|Any CPU
		{6A62F736-71AB-4483-ADC9-1DDA20748BCE}.Release|Any CPU.ActiveCfg = Release|Any CPU
		{6A62F736-71AB-4483-ADC9-1DDA20748BCE}.Release|Any CPU.Build.0 = Release|Any CPU
	EndGlobalSection
	GlobalSection(SolutionProperties) = preSolution
		HideSolutionNode = FALSE
	EndGlobalSection
	GlobalSection(ExtensibilityGlobals) = postSolution
		SolutionGuid = {FE261FE3-64CA-4638-AD00-27780306210E}
	EndGlobalSection
EndGlobal
